{
  "originHash" : "008166a96b74991de5d366af1d49cc6c9a03d2189c69b363650f341cff6e51d1",
  "pins" : [
    {
      "identity" : "masshortcut",
      "kind" : "remoteSourceControl",
      "location" : "https://github.com/shpakovski/MASShortcut",
      "state" : {
        "branch" : "master",
        "revision" : "6f2603c6b6cc18f64a799e5d2c9d3bbc467c413a"
      }
    },
    {
      "identity" : "swiftymarkdown",
      "kind" : "remoteSourceControl",
      "location" : "https://github.com/SimonFairbairn/SwiftyMarkdown",
      "state" : {
        "revision" : "dde451ab4ed9b77b328e21baa471fdfa0cf61369",
        "version" : "1.2.4"
      }
    }
  ],
  "version" : 3
}
